{
  "requires": true,
  "lockfileVersion": 1,
  "dependencies": {
    "tail": {
      "version": "2.2.3",
      "resolved": "https://registry.npmjs.org/tail/-/tail-2.2.3.tgz",
      "integrity": "sha512-XbBmVsJZ636kncPew2Y+pOxOsb9GsNFZ1bcAGCDn23ME/JPJ+TImZYjnqBnMLdw+K11Hql5ZgiUQmRvDHaFc6w=="
    }
  }
}
